github.com/mgilbir/formalis v0.1.0 h1:LQ/tjPemLjQw1XL02XRAQCZhI7DWHoCDfAYMxwAiIHg=
github.com/mgilbir/formalis v0.1.0/go.mod h1:M82rAk4SewJbe1B3bhgQKw0w7ojFOHus7Nm1roqZYEk=
github.com/mgilbir/golittlecms v0.0.0-20260723125238-2845cbfd270b h1:9gJ4iMIlzvLsrk4hnQYDdNjvNIRlUBZzgdO8PKURtXc=
github.com/mgilbir/golittlecms v0.0.0-20260723125238-2845cbfd270b/go.mod h1:8SmvcTVpsTeqGaLqnhlCphGYaBeoeedJQB6AsKNNQxo=
github.com/mgilbir/gopenjpeg v0.0.0-20260723125529-024704ecde50 h1:75J4Taj5VaaVlharVcWBWKKhG7uJDTEVl0stda9owHo=
github.com/mgilbir/gopenjpeg v0.0.0-20260723125529-024704ecde50/go.mod h1:whaJJ+FKY9mvWmyLGbMar95+Zju/hWnG9wHCN//PneE=
